<?xml version="1.0" encoding="utf-8"?>
<Project ToolsVersion="4.0" xmlns="http://schemas.microsoft.com/developer/msbuild/2003">
  <ItemGroup>
    <Filter Include="Math">
      <UniqueIdentifier>{4FC737F1-C7A5-4376-A066-2A32D752A2FF}</UniqueIdentifier>
      <Extensions>cpp;c;cc;cxx;def;odl;idl;hpj;bat;asm;asmx</Extensions>
    </Filter>
    <Filter Include="Math\Matrix">
      <UniqueIdentifier>{10a4ead6-49ea-44fd-9bb7-390b5bb4dbef}</UniqueIdentifier>
    </Filter>
    <Filter Include="Math\Vector2">
      <UniqueIdentifier>{2ec9e7ba-9e74-4aef-9452-b589363d64f1}</UniqueIdentifier>
    </Filter>
    <Filter Include="Math\Vector3">
      <UniqueIdentifier>{78fe3179-7f37-43b6-a470-df5423d8f2be}</UniqueIdentifier>
    </Filter>
    <Filter Include="Math\Vector4">
      <UniqueIdentifier>{be8359ec-4afb-47fc-8a75-718e8700d58b}</UniqueIdentifier>
    </Filter>
    <Filter Include="Timer">
      <UniqueIdentifier>{72056cb6-72a2-42b7-b05e-376f1ddd957e}</UniqueIdentifier>
    </Filter>
    <Filter Include="pch">
      <UniqueIdentifier>{da36ef4d-5b56-4e99-9ac6-4f66181b9d3d}</UniqueIdentifier>
    </Filter>
    <Filter Include="Renderer">
      <UniqueIdentifier>{057ec26c-b3bb-4a38-b59c-ab5d32434ea4}</UniqueIdentifier>
    </Filter>
    <Filter Include="Mesh">
      <UniqueIdentifier>{836c0a93-b981-4056-abd1-f37fdf1f24ec}</UniqueIdentifier>
    </Filter>
    <Filter Include="Camera">
      <UniqueIdentifier>{aa598494-6ac8-414c-a158-5af17c34e471}</UniqueIdentifier>
    </Filter>
    <Filter Include="Texture">
      <UniqueIdentifier>{79c44628-bcfc-41b8-bfda-5f2857f6e208}</UniqueIdentifier>
    </Filter>
    <Filter Include="Materials">
      <UniqueIdentifier>{2a54fcfe-1ed9-4787-b9f0-aede16fdc397}</UniqueIdentifier>
    </Filter>
    <Filter Include="Materials\Material">
      <UniqueIdentifier>{c0e04cd6-34fd-494e-a8ee-df3dca38dc87}</UniqueIdentifier>
    </Filter>
    <Filter Include="Materials\Phong">
      <UniqueIdentifier>{6ab4d877-acf1-4b68-adfd-0649033ab00e}</UniqueIdentifier>
    </Filter>
    <Filter Include="Materials\Transparent">
      <UniqueIdentifier>{a6469246-e04b-4db5-a04d-8dfa064a6e9e}</UniqueIdentifier>
    </Filter>
  </ItemGroup>
  <ItemGroup>
    <ClInclude Include="Math.h">
      <Filter>Math</Filter>
    </ClInclude>
    <ClInclude Include="MathHelpers.h">
      <Filter>Math</Filter>
    </ClInclude>
    <ClInclude Include="Timer.h">
      <Filter>Timer</Filter>
    </ClInclude>
    <ClInclude Include="ColorRGB.h">
      <Filter>Math</Filter>
    </ClInclude>
    <ClInclude Include="Matrix.h">
      <Filter>Math\Matrix</Filter>
    </ClInclude>
    <ClInclude Include="Vector2.h">
      <Filter>Math\Vector2</Filter>
    </ClInclude>
    <ClInclude Include="Vector4.h">
      <Filter>Math\Vector4</Filter>
    </ClInclude>
    <ClInclude Include="Vector3.h">
      <Filter>Math\Vector3</Filter>
    </ClInclude>
    <ClInclude Include="pch.h">
      <Filter>pch</Filter>
    </ClInclude>
    <ClInclude Include="Renderer.h">
      <Filter>Renderer</Filter>
    </ClInclude>
    <ClInclude Include="Phong.h">
      <Filter>Materials\Phong</Filter>
    </ClInclude>
    <ClInclude Include="Mesh.h">
      <Filter>Mesh</Filter>
    </ClInclude>
    <ClInclude Include="Utils.h" />
    <ClInclude Include="Camera.h">
      <Filter>Camera</Filter>
    </ClInclude>
    <ClInclude Include="DataTypes.h" />
    <ClInclude Include="Texture.h">
      <Filter>Texture</Filter>
    </ClInclude>
    <ClInclude Include="Material.h">
      <Filter>Materials\Material</Filter>
    </ClInclude>
    <ClInclude Include="Transparent.h">
      <Filter>Materials\Transparent</Filter>
    </ClInclude>
  </ItemGroup>
  <ItemGroup>
    <ClCompile Include="main.cpp" />
    <ClCompile Include="Timer.cpp">
      <Filter>Timer</Filter>
    </ClCompile>
    <ClCompile Include="Matrix.cpp">
      <Filter>Math\Matrix</Filter>
    </ClCompile>
    <ClCompile Include="Vector2.cpp">
      <Filter>Math\Vector2</Filter>
    </ClCompile>
    <ClCompile Include="Vector4.cpp">
      <Filter>Math\Vector4</Filter>
    </ClCompile>
    <ClCompile Include="Vector3.cpp">
      <Filter>Math\Vector3</Filter>
    </ClCompile>
    <ClCompile Include="pch.cpp">
      <Filter>pch</Filter>
    </ClCompile>
    <ClCompile Include="Renderer.cpp">
      <Filter>Renderer</Filter>
    </ClCompile>
    <ClCompile Include="Phong.cpp">
      <Filter>Materials\Phong</Filter>
    </ClCompile>
    <ClCompile Include="Mesh.cpp">
      <Filter>Mesh</Filter>
    </ClCompile>
    <ClCompile Include="Camera.cpp">
      <Filter>Camera</Filter>
    </ClCompile>
    <ClCompile Include="Texture.cpp">
      <Filter>Texture</Filter>
    </ClCompile>
    <ClCompile Include="Material.cpp">
      <Filter>Materials\Material</Filter>
    </ClCompile>
    <ClCompile Include="Transparent.cpp">
      <Filter>Materials\Transparent</Filter>
    </ClCompile>
  </ItemGroup>
</Project>